
Microsoft Visual Studio Solution File, Format Version 12.00
# Visual Studio Version 16
VisualStudioVersion = 16.0.30320.27
MinimumVisualStudioVersion = 10.0.40219.1
Project("{FAE04EC0-301F-11D3-BF4B-00C04F79EFBC}") = "NEW DEVICE", "NEW DEVICE\NEW DEVICE.csproj", "{33C4DB3A-34F6-4BB6-B712-4DAD78B17E3D}"
EndProject
Global
	GlobalSection(SolutionConfigurationPlatforms) = preSolution
		Debug|x64 = Debug|x64
		Release|x64 = Release|x64
	EndGlobalSection
	GlobalSection(ProjectConfigurationPlatforms) = postSolution
		{33C4DB3A-34F6-4BB6-B712-4DAD78B17E3D}.Debug|x64.ActiveCfg = Debug|x64
		{33C4DB3A-34F6-4BB6-B712-4DAD78B17E3D}.Debug|x64.Build.0 = Debug|x64
		{33C4DB3A-34F6-4BB6-B712-4DAD78B17E3D}.Release|x64.ActiveCfg = Release|x64
		{33C4DB3A-34F6-4BB6-B712-4DAD78B17E3D}.Release|x64.Build.0 = Release|x64
	EndGlobalSection
	GlobalSection(SolutionProperties) = preSolution
		HideSolutionNode = FALSE
	EndGlobalSection
	GlobalSection(ExtensibilityGlobals) = postSolution
		SolutionGuid = {4BC44FC5-DAAB-48B5-80FA-0ACA4BEE4814}
	EndGlobalSection
EndGlobal
